
Microsoft Visual Studio Solution File, Format Version 12.00
# Visual Studio 14
VisualStudioVersion = 14.0.25123.0
MinimumVisualStudioVersion = 10.0.40219.1
Project("{FAE04EC0-301F-11D3-BF4B-00C04F79EFBC}") = "ZaawansowaneWebowe", "ZaawansowaneWebowe\ZaawansowaneWebowe.csproj", "{A1ACE2E3-104D-469A-8423-B756538F838B}"
EndProject
Project("{FAE04EC0-301F-11D3-BF4B-00C04F79EFBC}") = "ZaawansowaneWebowe.Tests", "ZaawansowaneWebowe.Tests\ZaawansowaneWebowe.Tests.csproj", "{C03274D8-3BB0-4ACF-B021-696DB11A4D1E}"
EndProject
Global
	GlobalSection(SolutionConfigurationPlatforms) = preSolution
		Debug|Any CPU = Debug|Any CPU
		Release|Any CPU = Release|Any CPU
	EndGlobalSection
	GlobalSection(ProjectConfigurationPlatforms) = postSolution
		{A1ACE2E3-104D-469A-8423-B756538F838B}.Debug|Any CPU.ActiveCfg = Debug|Any CPU
		{A1ACE2E3-104D-469A-8423-B756538F838B}.Debug|Any CPU.Build.0 = Debug|Any CPU
		{A1ACE2E3-104D-469A-8423-B756538F838B}.Release|Any CPU.ActiveCfg = Release|Any CPU
		{A1ACE2E3-104D-469A-8423-B756538F838B}.Release|Any CPU.Build.0 = Release|Any CPU
		{C03274D8-3BB0-4ACF-B021-696DB11A4D1E}.Debug|Any CPU.ActiveCfg = Debug|Any CPU
		{C03274D8-3BB0-4ACF-B021-696DB11A4D1E}.Debug|Any CPU.Build.0 = Debug|Any CPU
		{C03274D8-3BB0-4ACF-B021-696DB11A4D1E}.Release|Any CPU.ActiveCfg = Release|Any CPU
		{C03274D8-3BB0-4ACF-B021-696DB11A4D1E}.Release|Any CPU.Build.0 = Release|Any CPU
	EndGlobalSection
	GlobalSection(SolutionProperties) = preSolution
		HideSolutionNode = FALSE
	EndGlobalSection
EndGlobal
